
Microsoft Visual Studio Solution File, Format Version 12.00
# Visual Studio Version 17
VisualStudioVersion = 17.11.35219.272
MinimumVisualStudioVersion = 10.0.40219.1
Project("{FAE04EC0-301F-11D3-BF4B-00C04F79EFBC}") = "Cat", "Cat\Cat.csproj", "{4828D9AD-FCEC-4277-9BF3-B68C16065925}"
EndProject
Global
	GlobalSection(SolutionConfigurationPlatforms) = preSolution
		Debug|Any CPU = Debug|Any CPU
		Release|Any CPU = Release|Any CPU
	EndGlobalSection
	GlobalSection(ProjectConfigurationPlatforms) = postSolution
		{4828D9AD-FCEC-4277-9BF3-B68C16065925}.Debug|Any CPU.ActiveCfg = Debug|Any CPU
		{4828D9AD-FCEC-4277-9BF3-B68C16065925}.Debug|Any CPU.Build.0 = Debug|Any CPU
		{4828D9AD-FCEC-4277-9BF3-B68C16065925}.Release|Any CPU.ActiveCfg = Release|Any CPU
		{4828D9AD-FCEC-4277-9BF3-B68C16065925}.Release|Any CPU.Build.0 = Release|Any CPU
	EndGlobalSection
	GlobalSection(SolutionProperties) = preSolution
		HideSolutionNode = FALSE
	EndGlobalSection
	GlobalSection(ExtensibilityGlobals) = postSolution
		SolutionGuid = {EA08B400-CC66-4870-BD38-7062CC8484DA}
	EndGlobalSection
EndGlobal
